
Microsoft Visual Studio Solution File, Format Version 12.00
# Visual Studio Version 17
VisualStudioVersion = 17.11.35327.3
MinimumVisualStudioVersion = 10.0.40219.1
Project("{9A19103F-16F7-4668-BE54-9A1E7A4F7556}") = "MonopolyGame", "MonopolyGame.csproj", "{A1A96CB8-4AFC-4E9D-835F-319EC45BBF0B}"
EndProject
Global
	GlobalSection(SolutionConfigurationPlatforms) = preSolution
		Debug|Any CPU = Debug|Any CPU
		Release|Any CPU = Release|Any CPU
	EndGlobalSection
	GlobalSection(ProjectConfigurationPlatforms) = postSolution
		{A1A96CB8-4AFC-4E9D-835F-319EC45BBF0B}.Debug|Any CPU.ActiveCfg = Debug|Any CPU
		{A1A96CB8-4AFC-4E9D-835F-319EC45BBF0B}.Debug|Any CPU.Build.0 = Debug|Any CPU
		{A1A96CB8-4AFC-4E9D-835F-319EC45BBF0B}.Release|Any CPU.ActiveCfg = Release|Any CPU
		{A1A96CB8-4AFC-4E9D-835F-319EC45BBF0B}.Release|Any CPU.Build.0 = Release|Any CPU
	EndGlobalSection
	GlobalSection(SolutionProperties) = preSolution
		HideSolutionNode = FALSE
	EndGlobalSection
	GlobalSection(ExtensibilityGlobals) = postSolution
		SolutionGuid = {FD5CA19C-886A-468F-B3B0-DCBD8BE17C95}
	EndGlobalSection
EndGlobal
